
Microsoft Visual Studio Solution File, Format Version 12.00
# Visual Studio Version 17
VisualStudioVersion = 17.14.37111.16 d17.14
MinimumVisualStudioVersion = 10.0.40219.1
Project("{FAE04EC0-301F-11D3-BF4B-00C04F79EFBC}") = "DaftarRiwayat-Transaksi", "DaftarRiwayat-Transaksi\DaftarRiwayat-Transaksi.csproj", "{800482FC-910F-424B-B550-08C876E70B70}"
EndProject
Global
	GlobalSection(SolutionConfigurationPlatforms) = preSolution
		Debug|Any CPU = Debug|Any CPU
		Release|Any CPU = Release|Any CPU
	EndGlobalSection
	GlobalSection(ProjectConfigurationPlatforms) = postSolution
		{800482FC-910F-424B-B550-08C876E70B70}.Debug|Any CPU.ActiveCfg = Debug|Any CPU
		{800482FC-910F-424B-B550-08C876E70B70}.Debug|Any CPU.Build.0 = Debug|Any CPU
		{800482FC-910F-424B-B550-08C876E70B70}.Release|Any CPU.ActiveCfg = Release|Any CPU
		{800482FC-910F-424B-B550-08C876E70B70}.Release|Any CPU.Build.0 = Release|Any CPU
	EndGlobalSection
	GlobalSection(SolutionProperties) = preSolution
		HideSolutionNode = FALSE
	EndGlobalSection
	GlobalSection(ExtensibilityGlobals) = postSolution
		SolutionGuid = {5DE81219-9358-43AD-BF24-21859A4CDAB0}
	EndGlobalSection
EndGlobal
